
Microsoft Visual Studio Solution File, Format Version 12.00
# Visual Studio Version 17
VisualStudioVersion = 17.11.35222.181
MinimumVisualStudioVersion = 10.0.40219.1
Project("{FAE04EC0-301F-11D3-BF4B-00C04F79EFBC}") = "Event_Mangement_System_Front_End", "Event_Mangement_System_Front_End\Event_Mangement_System_Front_End.csproj", "{41128048-80E2-4B60-942E-2B1203F1DFA6}"
EndProject
Global
	GlobalSection(SolutionConfigurationPlatforms) = preSolution
		Debug|Any CPU = Debug|Any CPU
		Release|Any CPU = Release|Any CPU
	EndGlobalSection
	GlobalSection(ProjectConfigurationPlatforms) = postSolution
		{41128048-80E2-4B60-942E-2B1203F1DFA6}.Debug|Any CPU.ActiveCfg = Debug|Any CPU
		{41128048-80E2-4B60-942E-2B1203F1DFA6}.Debug|Any CPU.Build.0 = Debug|Any CPU
		{41128048-80E2-4B60-942E-2B1203F1DFA6}.Release|Any CPU.ActiveCfg = Release|Any CPU
		{41128048-80E2-4B60-942E-2B1203F1DFA6}.Release|Any CPU.Build.0 = Release|Any CPU
	EndGlobalSection
	GlobalSection(SolutionProperties) = preSolution
		HideSolutionNode = FALSE
	EndGlobalSection
	GlobalSection(ExtensibilityGlobals) = postSolution
		SolutionGuid = {608FBAE0-A86B-42BE-A2F6-5D292EB34064}
	EndGlobalSection
EndGlobal
